
Microsoft Visual Studio Solution File, Format Version 12.00
# Visual Studio Version 17
VisualStudioVersion = 17.11.35219.272
MinimumVisualStudioVersion = 10.0.40219.1
Project("{FAE04EC0-301F-11D3-BF4B-00C04F79EFBC}") = "Libreria", "Libreria\Libreria.csproj", "{C81AC8FC-9554-4EF2-8678-CDB12281B06E}"
EndProject
Global
	GlobalSection(SolutionConfigurationPlatforms) = preSolution
		Debug|Any CPU = Debug|Any CPU
		Release|Any CPU = Release|Any CPU
	EndGlobalSection
	GlobalSection(ProjectConfigurationPlatforms) = postSolution
		{C81AC8FC-9554-4EF2-8678-CDB12281B06E}.Debug|Any CPU.ActiveCfg = Debug|Any CPU
		{C81AC8FC-9554-4EF2-8678-CDB12281B06E}.Debug|Any CPU.Build.0 = Debug|Any CPU
		{C81AC8FC-9554-4EF2-8678-CDB12281B06E}.Release|Any CPU.ActiveCfg = Release|Any CPU
		{C81AC8FC-9554-4EF2-8678-CDB12281B06E}.Release|Any CPU.Build.0 = Release|Any CPU
	EndGlobalSection
	GlobalSection(SolutionProperties) = preSolution
		HideSolutionNode = FALSE
	EndGlobalSection
	GlobalSection(ExtensibilityGlobals) = postSolution
		SolutionGuid = {9B59632D-3FA7-4754-958A-F93963A397EF}
	EndGlobalSection
EndGlobal
